
Microsoft Visual Studio Solution File, Format Version 12.00
# Visual Studio Version 17
VisualStudioVersion = 17.8.34322.80
MinimumVisualStudioVersion = 10.0.40219.1
Project("{FAE04EC0-301F-11D3-BF4B-00C04F79EFBC}") = "Srp", "Srp\Srp.csproj", "{A517C65E-2C71-4A25-9697-042E8BD9731E}"
EndProject
Project("{FAE04EC0-301F-11D3-BF4B-00C04F79EFBC}") = "Ocp", "Ocp\Ocp.csproj", "{0C734F62-9BFC-4A96-BB05-34A60A0455E2}"
EndProject
Project("{FAE04EC0-301F-11D3-BF4B-00C04F79EFBC}") = "Lsp", "Lsp\Lsp.csproj", "{3F5D381A-7E32-4EC9-BB1C-95EC5A0E5C85}"
EndProject
Project("{FAE04EC0-301F-11D3-BF4B-00C04F79EFBC}") = "Isp", "Isp\Isp.csproj", "{C40BE384-B108-48DE-BA4B-D14C2EAA9D77}"
EndProject
Project("{FAE04EC0-301F-11D3-BF4B-00C04F79EFBC}") = "Dip", "Dip\Dip.csproj", "{A9026FCF-6788-4551-9B1B-4999AB924B8C}"
EndProject
Global
	GlobalSection(SolutionConfigurationPlatforms) = preSolution
		Debug|Any CPU = Debug|Any CPU
		Release|Any CPU = Release|Any CPU
	EndGlobalSection
	GlobalSection(ProjectConfigurationPlatforms) = postSolution
		{A517C65E-2C71-4A25-9697-042E8BD9731E}.Debug|Any CPU.ActiveCfg = Debug|Any CPU
		{A517C65E-2C71-4A25-9697-042E8BD9731E}.Debug|Any CPU.Build.0 = Debug|Any CPU
		{A517C65E-2C71-4A25-9697-042E8BD9731E}.Release|Any CPU.ActiveCfg = Release|Any CPU
		{A517C65E-2C71-4A25-9697-042E8BD9731E}.Release|Any CPU.Build.0 = Release|Any CPU
		{0C734F62-9BFC-4A96-BB05-34A60A0455E2}.Debug|Any CPU.ActiveCfg = Debug|Any CPU
		{0C734F62-9BFC-4A96-BB05-34A60A0455E2}.Debug|Any CPU.Build.0 = Debug|Any CPU
		{0C734F62-9BFC-4A96-BB05-34A60A0455E2}.Release|Any CPU.ActiveCfg = Release|Any CPU
		{0C734F62-9BFC-4A96-BB05-34A60A0455E2}.Release|Any CPU.Build.0 = Release|Any CPU
		{3F5D381A-7E32-4EC9-BB1C-95EC5A0E5C85}.Debug|Any CPU.ActiveCfg = Debug|Any CPU
		{3F5D381A-7E32-4EC9-BB1C-95EC5A0E5C85}.Debug|Any CPU.Build.0 = Debug|Any CPU
		{3F5D381A-7E32-4EC9-BB1C-95EC5A0E5C85}.Release|Any CPU.ActiveCfg = Release|Any CPU
		{3F5D381A-7E32-4EC9-BB1C-95EC5A0E5C85}.Release|Any CPU.Build.0 = Release|Any CPU
		{C40BE384-B108-48DE-BA4B-D14C2EAA9D77}.Debug|Any CPU.ActiveCfg = Debug|Any CPU
		{C40BE384-B108-48DE-BA4B-D14C2EAA9D77}.Debug|Any CPU.Build.0 = Debug|Any CPU
		{C40BE384-B108-48DE-BA4B-D14C2EAA9D77}.Release|Any CPU.ActiveCfg = Release|Any CPU
		{C40BE384-B108-48DE-BA4B-D14C2EAA9D77}.Release|Any CPU.Build.0 = Release|Any CPU
		{A9026FCF-6788-4551-9B1B-4999AB924B8C}.Debug|Any CPU.ActiveCfg = Debug|Any CPU
		{A9026FCF-6788-4551-9B1B-4999AB924B8C}.Debug|Any CPU.Build.0 = Debug|Any CPU
		{A9026FCF-6788-4551-9B1B-4999AB924B8C}.Release|Any CPU.ActiveCfg = Release|Any CPU
		{A9026FCF-6788-4551-9B1B-4999AB924B8C}.Release|Any CPU.Build.0 = Release|Any CPU
	EndGlobalSection
	GlobalSection(SolutionProperties) = preSolution
		HideSolutionNode = FALSE
	EndGlobalSection
	GlobalSection(ExtensibilityGlobals) = postSolution
		SolutionGuid = {98983862-909C-4525-8911-1282FCD208C3}
	EndGlobalSection
EndGlobal
